{
  "name": "cdk",
  "version": "0.1.0",
  "lockfileVersion": 1,
  "requires": true,
  "dependencies": {
    "@aws-cdk/assets": {
      "version": "1.6.0",
      "resolved": "https://registry.npmjs.org/@aws-cdk/assets/-/assets-1.6.0.tgz",
      "integrity": "sha512-P+W4yRU+/lYHHiTeadh3ae85q0oTqtLrmWu/yVVyyWoPUP/skPr+f2h47Xa0VyBzfXf2bpEXnmlJm+21Gar6cA==",
      "requires": {
        "@aws-cdk/core": "^1.6.0",
        "@aws-cdk/cx-api": "^1.6.0",
        "minimatch": "^3.0.4"
      },
      "dependencies": {
        "balanced-match": {
          "version": "1.0.0",
          "resolved": "https://registry.npmjs.org/balanced-match/-/balanced-match-1.0.0.tgz",
          "integrity": "sha1-ibTRmasr7kneFk6gK4nORi1xt2c="
        },
        "brace-expansion": {
          "version": "1.1.11",
          "resolved": "https://registry.npmjs.org/brace-expansion/-/brace-expansion-1.1.11.tgz",
          "integrity": "sha512-iCuPHDFgrHX7H2vEI/5xpz07zSHB00TpugqhmYtVmMO6518mCuRMoOYFldEBl0g187ufozdaHgWKcYFb61qGiA==",
          "requires": {
            "balanced-match": "^1.0.0",
            "concat-map": "0.0.1"
          }
        },
        "concat-map": {
          "version": "0.0.1",
          "resolved": "https://registry.npmjs.org/concat-map/-/concat-map-0.0.1.tgz",
          "integrity": "sha1-2Klr13/Wjfd5OnMDajug1UBdR3s="
        },
        "minimatch": {
          "version": "3.0.4",
          "resolved": "https://registry.npmjs.org/minimatch/-/minimatch-3.0.4.tgz",
          "integrity": "sha512-yJHVQEhyqPLUTgt9B83PXu6W3rx4MvvHvSUvToogpwoGDOUQ+yDrR0HRot+yOCdCO7u4hX3pWft6kWBBcqh0UA==",
          "requires": {
            "brace-expansion": "^1.1.7"
          }
        }
      }
    },
    "@aws-cdk/aws-apigateway": {
      "version": "1.6.0",
      "resolved": "https://registry.npmjs.org/@aws-cdk/aws-apigateway/-/aws-apigateway-1.6.0.tgz",
      "integrity": "sha512-XG7epdUJ+PkqJlnVUXlV0lbI266RhGA3z0/sU0PMf4sheqLPn2JkyoH1tkO8Rsx4Mq/cxArbXJJbgr5heecgJg==",
      "requires": {
        "@aws-cdk/aws-certificatemanager": "^1.6.0",
        "@aws-cdk/aws-elasticloadbalancingv2": "^1.6.0",
        "@aws-cdk/aws-iam": "^1.6.0",
        "@aws-cdk/aws-lambda": "^1.6.0",
        "@aws-cdk/core": "^1.6.0"
      }
    },
    "@aws-cdk/aws-applicationautoscaling": {
      "version": "1.6.0",
      "resolved": "https://registry.npmjs.org/@aws-cdk/aws-applicationautoscaling/-/aws-applicationautoscaling-1.6.0.tgz",
      "integrity": "sha512-N0njKWZ4jvOieFjDCX/vBvC0+hwHY1LFMDx376YmYP8OxrYj7kas7WuRdhKFY3XwAlobmBBItwWLvliyU8c1+Q==",
      "requires": {
        "@aws-cdk/aws-autoscaling-common": "^1.6.0",
        "@aws-cdk/aws-cloudwatch": "^1.6.0",
        "@aws-cdk/aws-iam": "^1.6.0",
        "@aws-cdk/core": "^1.6.0"
      }
    },
    "@aws-cdk/aws-appsync": {
      "version": "1.6.0",
      "resolved": "https://registry.npmjs.org/@aws-cdk/aws-appsync/-/aws-appsync-1.6.0.tgz",
      "integrity": "sha512-rqNYs+5c5hcYbfbsY8rMSB778e5K96oGB+elndwxR/mIoHJh14znT7i2DMXb2DPnJtl/V28KEZvEVKZuZ/rieQ==",
      "requires": {
        "@aws-cdk/core": "^1.6.0"
      }
    },
    "@aws-cdk/aws-autoscaling": {
      "version": "1.6.0",
      "resolved": "https://registry.npmjs.org/@aws-cdk/aws-autoscaling/-/aws-autoscaling-1.6.0.tgz",
      "integrity": "sha512-yAJ2Pze5J+ICz2S5PrZkgfJgABQWMp9dajxwtqrOj+zoEbahVRD6ZRWBm88kRkqmxQuu05FBGua5NY4UOyNoIw==",
      "requires": {
        "@aws-cdk/aws-autoscaling-common": "^1.6.0",
        "@aws-cdk/aws-cloudwatch": "^1.6.0",
        "@aws-cdk/aws-ec2": "^1.6.0",
        "@aws-cdk/aws-elasticloadbalancing": "^1.6.0",
        "@aws-cdk/aws-elasticloadbalancingv2": "^1.6.0",
        "@aws-cdk/aws-iam": "^1.6.0",
        "@aws-cdk/aws-sns": "^1.6.0",
        "@aws-cdk/core": "^1.6.0"
      }
    },
    "@aws-cdk/aws-autoscaling-common": {
      "version": "1.6.0",
      "resolved": "https://registry.npmjs.org/@aws-cdk/aws-autoscaling-common/-/aws-autoscaling-common-1.6.0.tgz",
      "integrity": "sha512-yf85e8318rU9bnXdI4j/LcLhJJF4kAgXoKBtO6hjuckBLdwZP+yu4maQMWkN3jJ5f8sKESjWvqIoi/nlUNFUfA==",
      "requires": {
        "@aws-cdk/aws-iam": "^1.6.0",
        "@aws-cdk/core": "^1.6.0"
      }
    },
    "@aws-cdk/aws-autoscaling-hooktargets": {
      "version": "1.6.0",
      "resolved": "https://registry.npmjs.org/@aws-cdk/aws-autoscaling-hooktargets/-/aws-autoscaling-hooktargets-1.6.0.tgz",
      "integrity": "sha512-yyjMNqKRgJQicIHW1o+3BcOdLfibXsH0pHcBVETOJvwnvIx8urKEyQR9KMn8qhirdDBTMy/hSV99fRXN6imkrA==",
      "requires": {
        "@aws-cdk/aws-autoscaling": "^1.6.0",
        "@aws-cdk/aws-iam": "^1.6.0",
        "@aws-cdk/aws-lambda": "^1.6.0",
        "@aws-cdk/aws-sns": "^1.6.0",
        "@aws-cdk/aws-sns-subscriptions": "^1.6.0",
        "@aws-cdk/aws-sqs": "^1.6.0",
        "@aws-cdk/core": "^1.6.0"
      }
    },
    "@aws-cdk/aws-certificatemanager": {
      "version": "1.6.0",
      "resolved": "https://registry.npmjs.org/@aws-cdk/aws-certificatemanager/-/aws-certificatemanager-1.6.0.tgz",
      "integrity": "sha512-Tf+d1Zh18BriHVUoN7uMkRTjKigG5pF9dqJ2+GoI6rZDNLM2azrozmE/R7u6+Fw/JPwAzvDktM3QfMZshtDaeA==",
      "requires": {
        "@aws-cdk/aws-cloudformation": "^1.6.0",
        "@aws-cdk/aws-iam": "^1.6.0",
        "@aws-cdk/aws-lambda": "^1.6.0",
        "@aws-cdk/aws-route53": "^1.6.0",
        "@aws-cdk/core": "^1.6.0"
      }
    },
    "@aws-cdk/aws-cloudformation": {
      "version": "1.6.0",
      "resolved": "https://registry.npmjs.org/@aws-cdk/aws-cloudformation/-/aws-cloudformation-1.6.0.tgz",
      "integrity": "sha512-eym+OOfz0HAXJ4McezdScm02ipP5F7xXZhTMKk2guz2VyDsJbZg24zFHh3a3EmXWAOyPIa0GU+c7u/Aw5X3Vbw==",
      "requires": {
        "@aws-cdk/aws-iam": "^1.6.0",
        "@aws-cdk/aws-lambda": "^1.6.0",
        "@aws-cdk/aws-sns": "^1.6.0",
        "@aws-cdk/core": "^1.6.0"
      }
    },
    "@aws-cdk/aws-cloudfront": {
      "version": "1.6.0",
      "resolved": "https://registry.npmjs.org/@aws-cdk/aws-cloudfront/-/aws-cloudfront-1.6.0.tgz",
      "integrity": "sha512-8axjtsAq1iGYzN+/RfzUaon4O9n9lDZDpkwzhCXQ1EWDPywo1COYKP5T0lokJVA8e4s4PVvjFwD1wkj91VndgQ==",
      "requires": {
        "@aws-cdk/aws-certificatemanager": "^1.6.0",
        "@aws-cdk/aws-iam": "^1.6.0",
        "@aws-cdk/aws-kms": "^1.6.0",
        "@aws-cdk/aws-lambda": "^1.6.0",
        "@aws-cdk/aws-s3": "^1.6.0",
        "@aws-cdk/core": "^1.6.0"
      }
    },
    "@aws-cdk/aws-cloudwatch": {
      "version": "1.6.0",
      "resolved": "https://registry.npmjs.org/@aws-cdk/aws-cloudwatch/-/aws-cloudwatch-1.6.0.tgz",
      "integrity": "sha512-f3jvxl2j2UZlD/HKLOuJkmGkqL08Dfc4CAaI/dM84AxZ3GcxrfRnhmvT+1yM+EKk4FZs9ptD+x5JzXHNWG/F9g==",
      "requires": {
        "@aws-cdk/aws-iam": "^1.6.0",
        "@aws-cdk/core": "^1.6.0"
      }
    },
    "@aws-cdk/aws-codebuild": {
      "version": "1.6.0",
      "resolved": "https://registry.npmjs.org/@aws-cdk/aws-codebuild/-/aws-codebuild-1.6.0.tgz",
      "integrity": "sha512-TiKAp+8+2POn7i3q1ZCfRjY83u9ZSg93stRpj2YPdrDMTVa6pj4IVT6HApW8tbSdWVW/prCVKDejevgWrww1Vg==",
      "requires": {
        "@aws-cdk/assets": "^1.6.0",
        "@aws-cdk/aws-cloudwatch": "^1.6.0",
        "@aws-cdk/aws-codecommit": "^1.6.0",
        "@aws-cdk/aws-ec2": "^1.6.0",
        "@aws-cdk/aws-ecr": "^1.6.0",
        "@aws-cdk/aws-ecr-assets": "^1.6.0",
        "@aws-cdk/aws-events": "^1.6.0",
        "@aws-cdk/aws-iam": "^1.6.0",
        "@aws-cdk/aws-kms": "^1.6.0",
        "@aws-cdk/aws-s3": "^1.6.0",
        "@aws-cdk/aws-s3-assets": "^1.6.0",
        "@aws-cdk/aws-secretsmanager": "^1.6.0",
        "@aws-cdk/core": "^1.6.0"
      }
    },
    "@aws-cdk/aws-codecommit": {
      "version": "1.6.0",
      "resolved": "https://registry.npmjs.org/@aws-cdk/aws-codecommit/-/aws-codecommit-1.6.0.tgz",
      "integrity": "sha512-CbkdVbSjPF3zD2P+ath63E49izFFojZf+qac7HfGha+LwCSWLjZb1olYXDPoaFjZerQehU+sxJSIPmsARYbIXA==",
      "requires": {
        "@aws-cdk/aws-events": "^1.6.0",
        "@aws-cdk/aws-iam": "^1.6.0",
        "@aws-cdk/core": "^1.6.0"
      }
    },
    "@aws-cdk/aws-codepipeline": {
      "version": "1.6.0",
      "resolved": "https://registry.npmjs.org/@aws-cdk/aws-codepipeline/-/aws-codepipeline-1.6.0.tgz",
      "integrity": "sha512-5l07SiJ1bI8V/DlW7y69zaaFSy3q2LWX/PQGjkXy0SRqJn+wj6I/ZttLwKDMPE6UPE5WajANeY6DGmWiKiDdbw==",
      "requires": {
        "@aws-cdk/aws-events": "^1.6.0",
        "@aws-cdk/aws-iam": "^1.6.0",
        "@aws-cdk/aws-kms": "^1.6.0",
        "@aws-cdk/aws-s3": "^1.6.0",
        "@aws-cdk/core": "^1.6.0"
      }
    },
    "@aws-cdk/aws-dynamodb": {
      "version": "1.6.0",
      "resolved": "https://registry.npmjs.org/@aws-cdk/aws-dynamodb/-/aws-dynamodb-1.6.0.tgz",
      "integrity": "sha512-YZiLfQAZqZaTGvp7Hdiz9AAyl7WcNpKLuVJyqTPrREWG/y9bh39ERE2sGhBUsav7Op2ddaW+uY48XtcE4rPpdw==",
      "requires": {
        "@aws-cdk/aws-applicationautoscaling": "^1.6.0",
        "@aws-cdk/aws-iam": "^1.6.0",
        "@aws-cdk/core": "^1.6.0"
      }
    },
    "@aws-cdk/aws-ec2": {
      "version": "1.6.0",
      "resolved": "https://registry.npmjs.org/@aws-cdk/aws-ec2/-/aws-ec2-1.6.0.tgz",
      "integrity": "sha512-5lcYwEOe4lhdzD6W9IbjR+BrdML/kqXDBll+EFrUUddNV1ATojzPS6PS+rBAAhiyMp8MSTyDeiumUeEA/9mvPQ==",
      "requires": {
        "@aws-cdk/aws-cloudwatch": "^1.6.0",
        "@aws-cdk/aws-iam": "^1.6.0",
        "@aws-cdk/aws-ssm": "^1.6.0",
        "@aws-cdk/core": "^1.6.0",
        "@aws-cdk/cx-api": "^1.6.0"
      }
    },
    "@aws-cdk/aws-ecr": {
      "version": "1.6.0",
      "resolved": "https://registry.npmjs.org/@aws-cdk/aws-ecr/-/aws-ecr-1.6.0.tgz",
      "integrity": "sha512-uS5ptln3tFCOQoUR3dJwGFZfKLxXq19WK9pNTsZBLGNE/46w5BSs5izyPLAEaaV/ryHR/bdhhHR4WKqYKvG+fQ==",
      "requires": {
        "@aws-cdk/aws-events": "^1.6.0",
        "@aws-cdk/aws-iam": "^1.6.0",
        "@aws-cdk/core": "^1.6.0"
      }
    },
    "@aws-cdk/aws-ecr-assets": {
      "version": "1.6.0",
      "resolved": "https://registry.npmjs.org/@aws-cdk/aws-ecr-assets/-/aws-ecr-assets-1.6.0.tgz",
      "integrity": "sha512-71K42W6U0aoe6iphvTvyyHh9kInd3rrXV1ZGgWvsv1hsekux1h/f1JaPXfKzo09z1qv4kIF0Q0EaP/7RBk7s8g==",
      "requires": {
        "@aws-cdk/assets": "^1.6.0",
        "@aws-cdk/aws-cloudformation": "^1.6.0",
        "@aws-cdk/aws-ecr": "^1.6.0",
        "@aws-cdk/aws-iam": "^1.6.0",
        "@aws-cdk/aws-lambda": "^1.6.0",
        "@aws-cdk/aws-s3": "^1.6.0",
        "@aws-cdk/core": "^1.6.0",
        "@aws-cdk/cx-api": "^1.6.0"
      }
    },
    "@aws-cdk/aws-ecs": {
      "version": "1.6.0",
      "resolved": "https://registry.npmjs.org/@aws-cdk/aws-ecs/-/aws-ecs-1.6.0.tgz",
      "integrity": "sha512-7w30biLEnzvazoe2bE1HNACYSrVRaKgFhduv4tx5wL8Rpe2UfNr39pA7oOBQIq/RuAh1ty+B+go++M/fTHv4EA==",
      "requires": {
        "@aws-cdk/aws-applicationautoscaling": "^1.6.0",
        "@aws-cdk/aws-autoscaling": "^1.6.0",
        "@aws-cdk/aws-autoscaling-hooktargets": "^1.6.0",
        "@aws-cdk/aws-certificatemanager": "^1.6.0",
        "@aws-cdk/aws-cloudformation": "^1.6.0",
        "@aws-cdk/aws-cloudwatch": "^1.6.0",
        "@aws-cdk/aws-ec2": "^1.6.0",
        "@aws-cdk/aws-ecr": "^1.6.0",
        "@aws-cdk/aws-ecr-assets": "^1.6.0",
        "@aws-cdk/aws-elasticloadbalancing": "^1.6.0",
        "@aws-cdk/aws-elasticloadbalancingv2": "^1.6.0",
        "@aws-cdk/aws-iam": "^1.6.0",
        "@aws-cdk/aws-lambda": "^1.6.0",
        "@aws-cdk/aws-logs": "^1.6.0",
        "@aws-cdk/aws-route53": "^1.6.0",
        "@aws-cdk/aws-route53-targets": "^1.6.0",
        "@aws-cdk/aws-secretsmanager": "^1.6.0",
        "@aws-cdk/aws-servicediscovery": "^1.6.0",
        "@aws-cdk/aws-sns": "^1.6.0",
        "@aws-cdk/aws-sqs": "^1.6.0",
        "@aws-cdk/aws-ssm": "^1.6.0",
        "@aws-cdk/core": "^1.6.0",
        "@aws-cdk/cx-api": "^1.6.0"
      }
    },
    "@aws-cdk/aws-elasticloadbalancing": {
      "version": "1.6.0",
      "resolved": "https://registry.npmjs.org/@aws-cdk/aws-elasticloadbalancing/-/aws-elasticloadbalancing-1.6.0.tgz",
      "integrity": "sha512-iXbgwnTsj3G9GGKkGqdAWnRfYEFnICsCGRiD685uUuS9xcwRyNQXBncrJRjlW+EXHqOf1pxztbWeN63qIrJA7g==",
      "requires": {
        "@aws-cdk/aws-ec2": "^1.6.0",
        "@aws-cdk/core": "^1.6.0"
      }
    },
    "@aws-cdk/aws-elasticloadbalancingv2": {
      "version": "1.6.0",
      "resolved": "https://registry.npmjs.org/@aws-cdk/aws-elasticloadbalancingv2/-/aws-elasticloadbalancingv2-1.6.0.tgz",
      "integrity": "sha512-fF+4u4xDJYMpjRUKXqMku3B++iqtT5pWffcg9PKmd9lRQIOaRh4gODLskPiZufLnKF3XisoEJXxOnUr4SH+i9g==",
      "requires": {
        "@aws-cdk/aws-certificatemanager": "^1.6.0",
        "@aws-cdk/aws-cloudwatch": "^1.6.0",
        "@aws-cdk/aws-ec2": "^1.6.0",
        "@aws-cdk/aws-iam": "^1.6.0",
        "@aws-cdk/aws-lambda": "^1.6.0",
        "@aws-cdk/aws-s3": "^1.6.0",
        "@aws-cdk/core": "^1.6.0"
      }
    },
    "@aws-cdk/aws-events": {
      "version": "1.6.0",
      "resolved": "https://registry.npmjs.org/@aws-cdk/aws-events/-/aws-events-1.6.0.tgz",
      "integrity": "sha512-IJUX+/hN5MlIk77z4GrD4LZbqEJ0WE5aYXEu51Ur+w8Y8CFO9Mn4WPXp7LGgHrfwk/bsSS/+SmoT091F78DaAg==",
      "requires": {
        "@aws-cdk/aws-iam": "^1.6.0",
        "@aws-cdk/core": "^1.6.0"
      }
    },
    "@aws-cdk/aws-events-targets": {
      "version": "1.6.0",
      "resolved": "https://registry.npmjs.org/@aws-cdk/aws-events-targets/-/aws-events-targets-1.6.0.tgz",
      "integrity": "sha512-KxiwkTt7V/7TdRoVoT/0OOnukqF0qI9YocYlPZtuE+xZJFFJ7ycAWHynNaTE3R1NY0mqt+DMggU9UPzhcaaR/g==",
      "requires": {
        "@aws-cdk/aws-cloudformation": "^1.6.0",
        "@aws-cdk/aws-codebuild": "^1.6.0",
        "@aws-cdk/aws-codepipeline": "^1.6.0",
        "@aws-cdk/aws-ec2": "^1.6.0",
        "@aws-cdk/aws-ecs": "^1.6.0",
        "@aws-cdk/aws-events": "^1.6.0",
        "@aws-cdk/aws-iam": "^1.6.0",
        "@aws-cdk/aws-lambda": "^1.6.0",
        "@aws-cdk/aws-sns": "^1.6.0",
        "@aws-cdk/aws-sns-subscriptions": "^1.6.0",
        "@aws-cdk/aws-sqs": "^1.6.0",
        "@aws-cdk/aws-stepfunctions": "^1.6.0",
        "@aws-cdk/core": "^1.6.0",
        "@aws-cdk/custom-resources": "^1.6.0"
      }
    },
    "@aws-cdk/aws-iam": {
      "version": "1.6.0",
      "resolved": "https://registry.npmjs.org/@aws-cdk/aws-iam/-/aws-iam-1.6.0.tgz",
      "integrity": "sha512-XS2hMUUeF3YEAqk6Yz6fRPzb++WGj8oZ3oF5KcVAy2++nZKuahqv0Qbbf87e+8yUqWK1/aCVrH9REcKEaSyXNQ==",
      "requires": {
        "@aws-cdk/core": "^1.6.0",
        "@aws-cdk/region-info": "^1.6.0"
      }
    },
    "@aws-cdk/aws-kinesis": {
      "version": "1.6.0",
      "resolved": "https://registry.npmjs.org/@aws-cdk/aws-kinesis/-/aws-kinesis-1.6.0.tgz",
      "integrity": "sha512-z9OVsinvtunkk3SgwurPdU0DHQsnV6v4Ys5vhv/MWv51jaaXe8FbRCGEec9FcceM9BZ/RRzcYwq/iY3FvXRsvg==",
      "requires": {
        "@aws-cdk/aws-iam": "^1.6.0",
        "@aws-cdk/aws-kms": "^1.6.0",
        "@aws-cdk/aws-logs": "^1.6.0",
        "@aws-cdk/core": "^1.6.0"
      }
    },
    "@aws-cdk/aws-kms": {
      "version": "1.6.0",
      "resolved": "https://registry.npmjs.org/@aws-cdk/aws-kms/-/aws-kms-1.6.0.tgz",
      "integrity": "sha512-QyAaLkhuCnYjyGiq9NxfvwnjAVfuQZlOKVm3j8fHLZ/aG1Vq8p1ySe/Z+AFEupP/ESPmb41ddjRjxt3iAojyYw==",
      "requires": {
        "@aws-cdk/aws-iam": "^1.6.0",
        "@aws-cdk/core": "^1.6.0"
      }
    },
    "@aws-cdk/aws-lambda": {
      "version": "1.6.0",
      "resolved": "https://registry.npmjs.org/@aws-cdk/aws-lambda/-/aws-lambda-1.6.0.tgz",
      "integrity": "sha512-B/99sSewqGYAANV2ksc8mZ8CjDvdXv3lxvxFi7udZPqxRvgMAbg9axOifjz119M1oY+F69xPietxJ3qSPX6+vA==",
      "requires": {
        "@aws-cdk/aws-cloudwatch": "^1.6.0",
        "@aws-cdk/aws-ec2": "^1.6.0",
        "@aws-cdk/aws-events": "^1.6.0",
        "@aws-cdk/aws-iam": "^1.6.0",
        "@aws-cdk/aws-logs": "^1.6.0",
        "@aws-cdk/aws-s3": "^1.6.0",
        "@aws-cdk/aws-s3-assets": "^1.6.0",
        "@aws-cdk/aws-sqs": "^1.6.0",
        "@aws-cdk/core": "^1.6.0",
        "@aws-cdk/cx-api": "^1.6.0"
      }
    },
    "@aws-cdk/aws-lambda-event-sources": {
      "version": "1.6.0",
      "resolved": "https://registry.npmjs.org/@aws-cdk/aws-lambda-event-sources/-/aws-lambda-event-sources-1.6.0.tgz",
      "integrity": "sha512-yrz9TfOojzF1Me98aLskVa13NYiMEwe8HbRdknHX7OXEw3xwFoxLTK7r2tEPAbK9Fo2y7oP9yrwEV6kFOdDcxg==",
      "requires": {
        "@aws-cdk/aws-apigateway": "^1.6.0",
        "@aws-cdk/aws-dynamodb": "^1.6.0",
        "@aws-cdk/aws-events": "^1.6.0",
        "@aws-cdk/aws-iam": "^1.6.0",
        "@aws-cdk/aws-kinesis": "^1.6.0",
        "@aws-cdk/aws-lambda": "^1.6.0",
        "@aws-cdk/aws-s3": "^1.6.0",
        "@aws-cdk/aws-s3-notifications": "^1.6.0",
        "@aws-cdk/aws-sns": "^1.6.0",
        "@aws-cdk/aws-sns-subscriptions": "^1.6.0",
        "@aws-cdk/aws-sqs": "^1.6.0",
        "@aws-cdk/core": "^1.6.0"
      }
    },
    "@aws-cdk/aws-logs": {
      "version": "1.6.0",
      "resolved": "https://registry.npmjs.org/@aws-cdk/aws-logs/-/aws-logs-1.6.0.tgz",
      "integrity": "sha512-/2ijuVzsrs6awGg/8x9+VGlYaBvCaIxeHEm5ywlHZbEDR/4rAnO0xlfNdYzt2+BmNl3Zz/2lxFtriee6GvwcBw==",
      "requires": {
        "@aws-cdk/aws-cloudwatch": "^1.6.0",
        "@aws-cdk/aws-iam": "^1.6.0",
        "@aws-cdk/core": "^1.6.0"
      }
    },
    "@aws-cdk/aws-route53": {
      "version": "1.6.0",
      "resolved": "https://registry.npmjs.org/@aws-cdk/aws-route53/-/aws-route53-1.6.0.tgz",
      "integrity": "sha512-dROyVum9G5YSipi+cRY6xG4xcs3EsX4XrlYcy+6/SCguAPXNH0MhtmMbopRIpBgBzVC9kz2oAmeIlVt7hOm7ow==",
      "requires": {
        "@aws-cdk/aws-ec2": "^1.6.0",
        "@aws-cdk/aws-logs": "^1.6.0",
        "@aws-cdk/core": "^1.6.0",
        "@aws-cdk/cx-api": "^1.6.0"
      }
    },
    "@aws-cdk/aws-route53-targets": {
      "version": "1.6.0",
      "resolved": "https://registry.npmjs.org/@aws-cdk/aws-route53-targets/-/aws-route53-targets-1.6.0.tgz",
      "integrity": "sha512-aDcBL7ipgUEIkMSysDoaSzrTJoh6056xOE67iiKlkZROalW4zXL1SClCZhDdAuc1VoQ6haWo4BxtkDZJhek5Yg==",
      "requires": {
        "@aws-cdk/aws-apigateway": "^1.6.0",
        "@aws-cdk/aws-cloudfront": "^1.6.0",
        "@aws-cdk/aws-elasticloadbalancing": "^1.6.0",
        "@aws-cdk/aws-elasticloadbalancingv2": "^1.6.0",
        "@aws-cdk/aws-iam": "^1.6.0",
        "@aws-cdk/aws-route53": "^1.6.0",
        "@aws-cdk/aws-s3": "^1.6.0",
        "@aws-cdk/core": "^1.6.0",
        "@aws-cdk/region-info": "^1.6.0"
      }
    },
    "@aws-cdk/aws-s3": {
      "version": "1.6.0",
      "resolved": "https://registry.npmjs.org/@aws-cdk/aws-s3/-/aws-s3-1.6.0.tgz",
      "integrity": "sha512-zISPdmCZHqlBYFcH33suf+caPPnRTc5uIjcyaQRP/ZHz2k5GtcxFYBe2fCrFx5Ibvtjus+ZEHVRSuTsZ8YDHwQ==",
      "requires": {
        "@aws-cdk/aws-events": "^1.6.0",
        "@aws-cdk/aws-iam": "^1.6.0",
        "@aws-cdk/aws-kms": "^1.6.0",
        "@aws-cdk/core": "^1.6.0"
      }
    },
    "@aws-cdk/aws-s3-assets": {
      "version": "1.6.0",
      "resolved": "https://registry.npmjs.org/@aws-cdk/aws-s3-assets/-/aws-s3-assets-1.6.0.tgz",
      "integrity": "sha512-fxR2D2Zc+KA9H6ewA4XmCSbZ/kuqMiVrsshRcBi0ocmr/OetaB2PPUN7t5aM17DhkeWEcYTe7AXS1MMCFU1K1w==",
      "requires": {
        "@aws-cdk/assets": "^1.6.0",
        "@aws-cdk/aws-iam": "^1.6.0",
        "@aws-cdk/aws-s3": "^1.6.0",
        "@aws-cdk/core": "^1.6.0",
        "@aws-cdk/cx-api": "^1.6.0"
      }
    },
    "@aws-cdk/aws-s3-notifications": {
      "version": "1.6.0",
      "resolved": "https://registry.npmjs.org/@aws-cdk/aws-s3-notifications/-/aws-s3-notifications-1.6.0.tgz",
      "integrity": "sha512-tpf0VZOX2Y60SFPBNhjMZLQGmct4jNcuek9kT9dN6Y9nEIOY1fGvj3L2oSxAS14DcieUqzhUogSvZkCtKQ7JzQ==",
      "requires": {
        "@aws-cdk/aws-iam": "^1.6.0",
        "@aws-cdk/aws-lambda": "^1.6.0",
        "@aws-cdk/aws-s3": "^1.6.0",
        "@aws-cdk/aws-sns": "^1.6.0",
        "@aws-cdk/aws-sqs": "^1.6.0",
        "@aws-cdk/core": "^1.6.0"
      }
    },
    "@aws-cdk/aws-secretsmanager": {
      "version": "1.6.0",
      "resolved": "https://registry.npmjs.org/@aws-cdk/aws-secretsmanager/-/aws-secretsmanager-1.6.0.tgz",
      "integrity": "sha512-GRFenbrXnHi/zhWnqzsojRKzsQKyZU2HJdhIsnSef9tveQlA6DwAAgQOUK/05sxorpf3Ehx6a7lF9jEGu0DpXw==",
      "requires": {
        "@aws-cdk/aws-ec2": "^1.6.0",
        "@aws-cdk/aws-iam": "^1.6.0",
        "@aws-cdk/aws-kms": "^1.6.0",
        "@aws-cdk/aws-lambda": "^1.6.0",
        "@aws-cdk/core": "^1.6.0"
      }
    },
    "@aws-cdk/aws-servicediscovery": {
      "version": "1.6.0",
      "resolved": "https://registry.npmjs.org/@aws-cdk/aws-servicediscovery/-/aws-servicediscovery-1.6.0.tgz",
      "integrity": "sha512-aeV7zrLFyaeuLdwgzkGcedxdCjRLLi98tYlz16Fem8ih/5nOKjI4k/TBGj/Zi0TfGIt+EEnvniByR5o62Y+LxQ==",
      "requires": {
        "@aws-cdk/aws-ec2": "^1.6.0",
        "@aws-cdk/aws-elasticloadbalancingv2": "^1.6.0",
        "@aws-cdk/aws-route53": "^1.6.0",
        "@aws-cdk/core": "^1.6.0"
      }
    },
    "@aws-cdk/aws-ses": {
      "version": "1.6.0",
      "resolved": "https://registry.npmjs.org/@aws-cdk/aws-ses/-/aws-ses-1.6.0.tgz",
      "integrity": "sha512-PgXUbqf8Hj4vLWTmawKAeiKG+hOfNgpUecad7+MTi+5Rjf5gY38uUfz3T6nHgzv9ksPwDYE5BM6uDAlCq767ig==",
      "requires": {
        "@aws-cdk/aws-iam": "^1.6.0",
        "@aws-cdk/aws-kms": "^1.6.0",
        "@aws-cdk/aws-lambda": "^1.6.0",
        "@aws-cdk/aws-s3": "^1.6.0",
        "@aws-cdk/aws-sns": "^1.6.0",
        "@aws-cdk/core": "^1.6.0"
      }
    },
    "@aws-cdk/aws-sns": {
      "version": "1.6.0",
      "resolved": "https://registry.npmjs.org/@aws-cdk/aws-sns/-/aws-sns-1.6.0.tgz",
      "integrity": "sha512-Y/AyxoCEV2XW5p8dBLus+GHGJ0BlOVOu6P/uW3QAk5MNx+l6D/IaCg9+KddrBqU+1UjARI5FnPI0O2cs42co9A==",
      "requires": {
        "@aws-cdk/aws-cloudwatch": "^1.6.0",
        "@aws-cdk/aws-events": "^1.6.0",
        "@aws-cdk/aws-iam": "^1.6.0",
        "@aws-cdk/core": "^1.6.0"
      }
    },
    "@aws-cdk/aws-sns-subscriptions": {
      "version": "1.6.0",
      "resolved": "https://registry.npmjs.org/@aws-cdk/aws-sns-subscriptions/-/aws-sns-subscriptions-1.6.0.tgz",
      "integrity": "sha512-lW03yHTlUuYYNr+YBOQ3Lpc1sb0lcIgbZ7Zfj03ghpKD5Xoc9fXdkzX9/nvg3wuzExZGL5PDrgV7sRFeap8kQA==",
      "requires": {
        "@aws-cdk/aws-iam": "^1.6.0",
        "@aws-cdk/aws-lambda": "^1.6.0",
        "@aws-cdk/aws-sns": "^1.6.0",
        "@aws-cdk/aws-sqs": "^1.6.0",
        "@aws-cdk/core": "^1.6.0"
      }
    },
    "@aws-cdk/aws-sqs": {
      "version": "1.6.0",
      "resolved": "https://registry.npmjs.org/@aws-cdk/aws-sqs/-/aws-sqs-1.6.0.tgz",
      "integrity": "sha512-bVDvaX0JpUYsU1DQYYH4m+U04JjKT9YuGiZdU0FcFjxn4+tkR04i0eZ0snMnR/D2eOzy/gMM5QQBWe3OJTf5yA==",
      "requires": {
        "@aws-cdk/aws-cloudwatch": "^1.6.0",
        "@aws-cdk/aws-iam": "^1.6.0",
        "@aws-cdk/aws-kms": "^1.6.0",
        "@aws-cdk/core": "^1.6.0"
      }
    },
    "@aws-cdk/aws-ssm": {
      "version": "1.6.0",
      "resolved": "https://registry.npmjs.org/@aws-cdk/aws-ssm/-/aws-ssm-1.6.0.tgz",
      "integrity": "sha512-aOfqfozq0oFLX5PK3Mxt6VT++DZMUh/sArwofPNEyYn+CR6aKJ3mI+dpIj8x//jyJA3MuQ3TvtaSs5BA/saURw==",
      "requires": {
        "@aws-cdk/aws-iam": "^1.6.0",
        "@aws-cdk/core": "^1.6.0",
        "@aws-cdk/cx-api": "^1.6.0"
      }
    },
    "@aws-cdk/aws-stepfunctions": {
      "version": "1.6.0",
      "resolved": "https://registry.npmjs.org/@aws-cdk/aws-stepfunctions/-/aws-stepfunctions-1.6.0.tgz",
      "integrity": "sha512-Qx1Viw5PeKr2dQk2H/ZtEouRM/TtEuP5mMC/1b6qmjgHU1R/ayyTQvOXx9xZf9KIPBQe6/v5R7Do+Zz3LsJ4og==",
      "requires": {
        "@aws-cdk/aws-cloudwatch": "^1.6.0",
        "@aws-cdk/aws-events": "^1.6.0",
        "@aws-cdk/aws-iam": "^1.6.0",
        "@aws-cdk/core": "^1.6.0"
      }
    },
    "@aws-cdk/core": {
      "version": "1.6.0",
      "resolved": "https://registry.npmjs.org/@aws-cdk/core/-/core-1.6.0.tgz",
      "integrity": "sha512-eSBECXk25ENwM72F9afzK8+R8vTd0z14ps9OfSopoODD6YsfQ/sYFhEeh9bUcHtvKqD0TyATqs7jceJADXo/wg==",
      "requires": {
        "@aws-cdk/cx-api": "^1.6.0"
      }
    },
    "@aws-cdk/custom-resources": {
      "version": "1.6.0",
      "resolved": "https://registry.npmjs.org/@aws-cdk/custom-resources/-/custom-resources-1.6.0.tgz",
      "integrity": "sha512-Ild8A4Zjh6GDlbIefhZMj075iAhcJUfbOFnWJZYkl3ltm/dMqli34o2RJMMWlu7umXNelCTUCb2VtRfMOdnGgw==",
      "requires": {
        "@aws-cdk/aws-cloudformation": "^1.6.0",
        "@aws-cdk/aws-iam": "^1.6.0",
        "@aws-cdk/aws-lambda": "^1.6.0",
        "@aws-cdk/aws-sns": "^1.6.0",
        "@aws-cdk/core": "^1.6.0"
      }
    },
    "@aws-cdk/cx-api": {
      "version": "1.6.0",
      "resolved": "https://registry.npmjs.org/@aws-cdk/cx-api/-/cx-api-1.6.0.tgz",
      "integrity": "sha512-2W1DcFEcU2WVXGQgVo8mfdXVIAZI6nRdl+tl5zS99V715VIbOCRfif8W4d+IZZC7KQ7MuGgheGtboYnaUAdMAA==",
      "requires": {
        "semver": "^6.3.0"
      },
      "dependencies": {
        "semver": {
          "version": "6.3.0",
          "resolved": "https://registry.npmjs.org/semver/-/semver-6.3.0.tgz",
          "integrity": "sha512-b39TBaTSfV6yBrapU89p5fKekE2m/NwnDocOVruQFS1/veMgdzuPcnOM34M6CwxW8jH/lxEa5rBoDeUwu5HHTw=="
        }
      }
    },
    "@aws-cdk/region-info": {
      "version": "1.6.0",
      "resolved": "https://registry.npmjs.org/@aws-cdk/region-info/-/region-info-1.6.0.tgz",
      "integrity": "sha512-+brFfDAHkMQjQhlCVA2JwBB49dId0inFdOBEswFge21juNhVKOk5+cDt+B7DdkFnwYacIlHqsJ7Kda6cLrsYEQ=="
    },
    "@types/node": {
      "version": "8.10.45",
      "resolved": "https://registry.npmjs.org/@types/node/-/node-8.10.45.tgz",
      "integrity": "sha512-tGVTbA+i3qfXsLbq9rEq/hezaHY55QxQLeXQL2ejNgFAxxrgu8eMmYIOsRcl7hN1uTLVsKOOYacV/rcJM3sfgQ==",
      "dev": true
    },
    "arg": {
      "version": "4.1.1",
      "resolved": "https://registry.npmjs.org/arg/-/arg-4.1.1.tgz",
      "integrity": "sha512-SlmP3fEA88MBv0PypnXZ8ZfJhwmDeIE3SP71j37AiXQBXYosPV0x6uISAaHYSlSVhmHOVkomen0tbGk6Anlebw==",
      "dev": true
    },
    "aws-cdk": {
      "version": "1.174.0",
      "resolved": "https://registry.npmjs.org/aws-cdk/-/aws-cdk-1.174.0.tgz",
      "integrity": "sha512-cAnJ1vx8p0sFoHR5IP4YKd4l3lN7s9Y7+umwb4eNgWr+XSgUbuYiJgS/FD57hIbHN1uoBih3QAE0RA62LVJSFw==",
      "dev": true,
      "requires": {
        "fsevents": "2.3.2"
      }
    },
    "buffer-from": {
      "version": "1.1.1",
      "resolved": "https://registry.npmjs.org/buffer-from/-/buffer-from-1.1.1.tgz",
      "integrity": "sha512-MQcXEUbCKtEo7bhqEs6560Hyd4XaovZlO/k9V3hjVUF/zwW7KBVdSK4gIt/bzwS9MbR5qob+F5jusZsb0YQK2A==",
      "dev": true
    },
    "cdk-ses-template-mailer": {
      "version": "0.1.14",
      "resolved": "https://registry.npmjs.org/cdk-ses-template-mailer/-/cdk-ses-template-mailer-0.1.14.tgz",
      "integrity": "sha512-Y5bNIJVC43PAkaZb6THWPx1RXOyN/YQ64ioZ1eZ7GCz1CsfGcUYdzgxZo0cKBUTiklgViyjYydOLcNrSbDrt3w==",
      "requires": {
        "@aws-cdk/aws-cloudformation": "^1.6.0",
        "@aws-cdk/aws-lambda-event-sources": "^1.6.0",
        "@aws-cdk/aws-ses": "^1.6.0",
        "@aws-cdk/aws-sns": "^1.6.0",
        "@aws-cdk/aws-sns-subscriptions": "^1.6.0",
        "@aws-cdk/aws-sqs": "^1.6.0",
        "@aws-cdk/core": "^1.6.0"
      }
    },
    "diff": {
      "version": "4.0.1",
      "resolved": "https://registry.npmjs.org/diff/-/diff-4.0.1.tgz",
      "integrity": "sha512-s2+XdvhPCOF01LRQBC8hf4vhbVmI2CGS5aZnxLJlT5FtdhPCDFq80q++zK2KlrVorVDdL5BOGZ/VfLrVtYNF+Q==",
      "dev": true
    },
    "fsevents": {
      "version": "2.3.2",
      "resolved": "https://registry.npmjs.org/fsevents/-/fsevents-2.3.2.tgz",
      "integrity": "sha512-xiqMQR4xAeHTuB9uWm+fFRcIOgKBMiOBP+eXiyT7jsgVCq1bkVygt00oASowB7EdtpOHaaPgKt812P9ab+DDKA==",
      "dev": true,
      "optional": true
    },
    "make-error": {
      "version": "1.3.5",
      "resolved": "https://registry.npmjs.org/make-error/-/make-error-1.3.5.tgz",
      "integrity": "sha512-c3sIjNUow0+8swNwVpqoH4YCShKNFkMaw6oH1mNS2haDZQqkeZFlHS3dhoeEbKKmJB4vXpJucU6oH75aDYeE9g==",
      "dev": true
    },
    "source-map": {
      "version": "0.6.1",
      "resolved": "https://registry.npmjs.org/source-map/-/source-map-0.6.1.tgz",
      "integrity": "sha512-UjgapumWlbMhkBgzT7Ykc5YXUT46F0iKu8SGXq0bcwP5dz/h0Plj6enJqjz1Zbq2l5WaqYnrVbwWOWMyF3F47g==",
      "dev": true
    },
    "source-map-support": {
      "version": "0.5.13",
      "resolved": "https://registry.npmjs.org/source-map-support/-/source-map-support-0.5.13.tgz",
      "integrity": "sha512-SHSKFHadjVA5oR4PPqhtAVdcBWwRYVd6g6cAXnIbRiIwc2EhPrTuKUBdSLvlEKyIP3GCf89fltvcZiP9MMFA1w==",
      "dev": true,
      "requires": {
        "buffer-from": "^1.0.0",
        "source-map": "^0.6.0"
      }
    },
    "ts-node": {
      "version": "8.3.0",
      "resolved": "https://registry.npmjs.org/ts-node/-/ts-node-8.3.0.tgz",
      "integrity": "sha512-dyNS/RqyVTDcmNM4NIBAeDMpsAdaQ+ojdf0GOLqE6nwJOgzEkdRNzJywhDfwnuvB10oa6NLVG1rUJQCpRN7qoQ==",
      "dev": true,
      "requires": {
        "arg": "^4.1.0",
        "diff": "^4.0.1",
        "make-error": "^1.1.1",
        "source-map-support": "^0.5.6",
        "yn": "^3.0.0"
      }
    },
    "typescript": {
      "version": "3.5.3",
      "resolved": "https://registry.npmjs.org/typescript/-/typescript-3.5.3.tgz",
      "integrity": "sha512-ACzBtm/PhXBDId6a6sDJfroT2pOWt/oOnk4/dElG5G33ZL776N3Y6/6bKZJBFpd+b05F3Ct9qDjMeJmRWtE2/g==",
      "dev": true
    },
    "yn": {
      "version": "3.1.1",
      "resolved": "https://registry.npmjs.org/yn/-/yn-3.1.1.tgz",
      "integrity": "sha512-Ux4ygGWsu2c7isFWe8Yu1YluJmqVhxqK2cLXNQA5AcC3QfbGNpM7fu0Y8b/z16pXLnFxZYvWhd3fhBY9DLmC6Q==",
      "dev": true
    }
  }
}
